
Microsoft Visual Studio Solution File, Format Version 12.00
# Visual Studio Version 17
VisualStudioVersion = 17.0.31611.283
MinimumVisualStudioVersion = 10.0.40219.1
Project("{2150E333-8FDC-42A3-9474-1A3956D46DE8}") = "Solution Items", "Solution Items", "{BD0DC86A-8B39-4765-ACAD-6270269D426E}"
	ProjectSection(SolutionItems) = preProject
		.gitignore = .gitignore
		Desmos.png = Desmos.png
		LICENSE = LICENSE
		README.md = README.md
	EndProjectSection
EndProject
Project("{FAE04EC0-301F-11D3-BF4B-00C04F79EFBC}") = "PriceCalculator", "PriceCalculator\PriceCalculator.csproj", "{9650DAD7-D983-4FC2-8B66-D1F3F58416DC}"
EndProject
Global
	GlobalSection(SolutionConfigurationPlatforms) = preSolution
		Debug|Any CPU = Debug|Any CPU
		Release|Any CPU = Release|Any CPU
	EndGlobalSection
	GlobalSection(ProjectConfigurationPlatforms) = postSolution
		{9650DAD7-D983-4FC2-8B66-D1F3F58416DC}.Debug|Any CPU.ActiveCfg = Debug|Any CPU
		{9650DAD7-D983-4FC2-8B66-D1F3F58416DC}.Debug|Any CPU.Build.0 = Debug|Any CPU
		{9650DAD7-D983-4FC2-8B66-D1F3F58416DC}.Debug|Any CPU.Deploy.0 = Debug|Any CPU
		{9650DAD7-D983-4FC2-8B66-D1F3F58416DC}.Release|Any CPU.ActiveCfg = Release|Any CPU
		{9650DAD7-D983-4FC2-8B66-D1F3F58416DC}.Release|Any CPU.Build.0 = Release|Any CPU
		{9650DAD7-D983-4FC2-8B66-D1F3F58416DC}.Release|Any CPU.Deploy.0 = Release|Any CPU
	EndGlobalSection
	GlobalSection(SolutionProperties) = preSolution
		HideSolutionNode = FALSE
	EndGlobalSection
	GlobalSection(NestedProjects) = preSolution
		{9650DAD7-D983-4FC2-8B66-D1F3F58416DC} = {BD0DC86A-8B39-4765-ACAD-6270269D426E}
	EndGlobalSection
	GlobalSection(ExtensibilityGlobals) = postSolution
		SolutionGuid = {61F7FB11-1E47-470C-91E2-47F8143E1572}
	EndGlobalSection
EndGlobal
